
Microsoft Visual Studio Solution File, Format Version 12.00
# Visual Studio Version 17
VisualStudioVersion = 17.4.33213.308
MinimumVisualStudioVersion = 10.0.40219.1
Project("{9A19103F-16F7-4668-BE54-9A1E7A4F7556}") = "HallRentalModels", "HallRentalModels\HallRentalModels.csproj", "{5BE7A086-6121-4F65-A626-B248E7BA534D}"
EndProject
Project("{FAE04EC0-301F-11D3-BF4B-00C04F79EFBC}") = "HallRentalProject", "HallRentalProject\HallRentalProject.csproj", "{514EED92-BB52-4C01-8321-F1444F555F16}"
EndProject
Global
	GlobalSection(SolutionConfigurationPlatforms) = preSolution
		Debug|Any CPU = Debug|Any CPU
		Release|Any CPU = Release|Any CPU
	EndGlobalSection
	GlobalSection(ProjectConfigurationPlatforms) = postSolution
		{5BE7A086-6121-4F65-A626-B248E7BA534D}.Debug|Any CPU.ActiveCfg = Debug|Any CPU
		{5BE7A086-6121-4F65-A626-B248E7BA534D}.Debug|Any CPU.Build.0 = Debug|Any CPU
		{5BE7A086-6121-4F65-A626-B248E7BA534D}.Release|Any CPU.ActiveCfg = Release|Any CPU
		{5BE7A086-6121-4F65-A626-B248E7BA534D}.Release|Any CPU.Build.0 = Release|Any CPU
		{514EED92-BB52-4C01-8321-F1444F555F16}.Debug|Any CPU.ActiveCfg = Debug|Any CPU
		{514EED92-BB52-4C01-8321-F1444F555F16}.Debug|Any CPU.Build.0 = Debug|Any CPU
		{514EED92-BB52-4C01-8321-F1444F555F16}.Release|Any CPU.ActiveCfg = Release|Any CPU
		{514EED92-BB52-4C01-8321-F1444F555F16}.Release|Any CPU.Build.0 = Release|Any CPU
	EndGlobalSection
	GlobalSection(SolutionProperties) = preSolution
		HideSolutionNode = FALSE
	EndGlobalSection
	GlobalSection(ExtensibilityGlobals) = postSolution
		SolutionGuid = {471964A0-BF0E-4591-8E66-12E4D9CFBA3F}
	EndGlobalSection
EndGlobal
